// !$*UTF8*$!
{
	archiveVersion = 1;
	classes = {
	};
	objectVersion = 55;
	objects = {

/* Begin PBXBuildFile section */
		028051519BA65D936C6B049F /* Pods_Notes.framework in Frameworks */ = {isa = PBXBuildFile; fileRef = B5A70ED0BA3469170AFAE79D /* Pods_Notes.framework */; };
		664727BC295C97B800ECCF95 /* AppDelegate.swift in Sources */ = {isa = PBXBuildFile; fileRef = 664727BB295C97B800ECCF95 /* AppDelegate.swift */; };
		664727C0295C97B800ECCF95 /* NotesViewController.swift in Sources */ = {isa = PBXBuildFile; fileRef = 664727BF295C97B800ECCF95 /* NotesViewController.swift */; };
		664727C5295C97B900ECCF95 /* Assets.xcassets in Resources */ = {isa = PBXBuildFile; fileRef = 664727C4295C97B900ECCF95 /* Assets.xcassets */; };
		664727C8295C97B900ECCF95 /* LaunchScreen.storyboard in Resources */ = {isa = PBXBuildFile; fileRef = 664727C6295C97B900ECCF95 /* LaunchScreen.storyboard */; };
		664FC4F2295C9B1900AF321A /* Bindable.swift in Sources */ = {isa = PBXBuildFile; fileRef = 664FC4F1295C9B1900AF321A /* Bindable.swift */; };
		664FC4F8295C9B7200AF321A /* ModuleBuilder.swift in Sources */ = {isa = PBXBuildFile; fileRef = 664FC4F7295C9B7200AF321A /* ModuleBuilder.swift */; };
		664FC4FA295C9BE200AF321A /* NotesViewModelImpl.swift in Sources */ = {isa = PBXBuildFile; fileRef = 664FC4F9295C9BE200AF321A /* NotesViewModelImpl.swift */; };
/* End PBXBuildFile section */

/* Begin PBXFileReference section */
		664727B8295C97B800ECCF95 /* Notes.app */ = {isa = PBXFileReference; explicitFileType = wrapper.application; includeInIndex = 0; path = Notes.app; sourceTree = BUILT_PRODUCTS_DIR; };
		664727BB295C97B800ECCF95 /* AppDelegate.swift */ = {isa = PBXFileReference; lastKnownFileType = sourcecode.swift; path = AppDelegate.swift; sourceTree = "<group>"; };
		664727BF295C97B800ECCF95 /* NotesViewController.swift */ = {isa = PBXFileReference; lastKnownFileType = sourcecode.swift; path = NotesViewController.swift; sourceTree = "<group>"; };
		664727C4295C97B900ECCF95 /* Assets.xcassets */ = {isa = PBXFileReference; lastKnownFileType = folder.assetcatalog; path = Assets.xcassets; sourceTree = "<group>"; };
		664727C7295C97B900ECCF95 /* Base */ = {isa = PBXFileReference; lastKnownFileType = file.storyboard; name = Base; path = Base.lproj/LaunchScreen.storyboard; sourceTree = "<group>"; };
		664727C9295C97B900ECCF95 /* Info.plist */ = {isa = PBXFileReference; lastKnownFileType = text.plist.xml; path = Info.plist; sourceTree = "<group>"; };
		664FC4F1295C9B1900AF321A /* Bindable.swift */ = {isa = PBXFileReference; lastKnownFileType = sourcecode.swift; path = Bindable.swift; sourceTree = "<group>"; };
		664FC4F7295C9B7200AF321A /* ModuleBuilder.swift */ = {isa = PBXFileReference; lastKnownFileType = sourcecode.swift; path = ModuleBuilder.swift; sourceTree = "<group>"; };
		664FC4F9295C9BE200AF321A /* NotesViewModelImpl.swift */ = {isa = PBXFileReference; lastKnownFileType = sourcecode.swift; path = NotesViewModelImpl.swift; sourceTree = "<group>"; };
		B5A70ED0BA3469170AFAE79D /* Pods_Notes.framework */ = {isa = PBXFileReference; explicitFileType = wrapper.framework; includeInIndex = 0; path = Pods_Notes.framework; sourceTree = BUILT_PRODUCTS_DIR; };
		BAD6F44AD46C47B0B385620E /* Pods-Notes.debug.xcconfig */ = {isa = PBXFileReference; includeInIndex = 1; lastKnownFileType = text.xcconfig; name = "Pods-Notes.debug.xcconfig"; path = "Target Support Files/Pods-Notes/Pods-Notes.debug.xcconfig"; sourceTree = "<group>"; };
		FF379C02E33578072DE344D1 /* Pods-Notes.release.xcconfig */ = {isa = PBXFileReference; includeInIndex = 1; lastKnownFileType = text.xcconfig; name = "Pods-Notes.release.xcconfig"; path = "Target Support Files/Pods-Notes/Pods-Notes.release.xcconfig"; sourceTree = "<group>"; };
/* End PBXFileReference section */

/* Begin PBXFrameworksBuildPhase section */
		664727B5295C97B800ECCF95 /* Frameworks */ = {
			isa = PBXFrameworksBuildPhase;
			buildActionMask = 2147483647;
			files = (
				028051519BA65D936C6B049F /* Pods_Notes.framework in Frameworks */,
			);
			runOnlyForDeploymentPostprocessing = 0;
		};
/* End PBXFrameworksBuildPhase section */

/* Begin PBXGroup section */
		3637321C6BFE844CB929515C /* Pods */ = {
			isa = PBXGroup;
			children = (
				BAD6F44AD46C47B0B385620E /* Pods-Notes.debug.xcconfig */,
				FF379C02E33578072DE344D1 /* Pods-Notes.release.xcconfig */,
			);
			name = Pods;
			path = Pods;
			sourceTree = "<group>";
		};
		664727AF295C97B800ECCF95 = {
			isa = PBXGroup;
			children = (
				664727BA295C97B800ECCF95 /* Notes */,
				664727B9295C97B800ECCF95 /* Products */,
				3637321C6BFE844CB929515C /* Pods */,
				C5965D53EE93525EE54E53DC /* Frameworks */,
			);
			sourceTree = "<group>";
		};
		664727B9295C97B800ECCF95 /* Products */ = {
			isa = PBXGroup;
			children = (
				664727B8295C97B800ECCF95 /* Notes.app */,
			);
			name = Products;
			sourceTree = "<group>";
		};
		664727BA295C97B800ECCF95 /* Notes */ = {
			isa = PBXGroup;
			children = (
				664FC4EF295C9B0400AF321A /* ModuleBuilder */,
				664FC4EE295C9AF900AF321A /* Models */,
				664FC4ED295C9AD900AF321A /* CustomUI */,
				664FC4EC295C9A8C00AF321A /* Controllers */,
				664FC4EB295C9A8000AF321A /* Utilities */,
				664727BB295C97B800ECCF95 /* AppDelegate.swift */,
				664727C4295C97B900ECCF95 /* Assets.xcassets */,
				664727C6295C97B900ECCF95 /* LaunchScreen.storyboard */,
				664727C9295C97B900ECCF95 /* Info.plist */,
			);
			path = Notes;
			sourceTree = "<group>";
		};
		664FC4EB295C9A8000AF321A /* Utilities */ = {
			isa = PBXGroup;
			children = (
				664FC4F0295C9B0900AF321A /* Bindable */,
			);
			path = Utilities;
			sourceTree = "<group>";
		};
		664FC4EC295C9A8C00AF321A /* Controllers */ = {
			isa = PBXGroup;
			children = (
				664FC4F3295C9B3300AF321A /* NotesViewController */,
			);
			path = Controllers;
			sourceTree = "<group>";
		};
		664FC4ED295C9AD900AF321A /* CustomUI */ = {
			isa = PBXGroup;
			children = (
			);
			path = CustomUI;
			sourceTree = "<group>";
		};
		664FC4EE295C9AF900AF321A /* Models */ = {
			isa = PBXGroup;
			children = (
			);
			path = Models;
			sourceTree = "<group>";
		};
		664FC4EF295C9B0400AF321A /* ModuleBuilder */ = {
			isa = PBXGroup;
			children = (
				664FC4F7295C9B7200AF321A /* ModuleBuilder.swift */,
			);
			path = ModuleBuilder;
			sourceTree = "<group>";
		};
		664FC4F0295C9B0900AF321A /* Bindable */ = {
			isa = PBXGroup;
			children = (
				664FC4F1295C9B1900AF321A /* Bindable.swift */,
			);
			path = Bindable;
			sourceTree = "<group>";
		};
		664FC4F3295C9B3300AF321A /* NotesViewController */ = {
			isa = PBXGroup;
			children = (
				664FC4F6295C9B4500AF321A /* View */,
				664FC4F5295C9B4100AF321A /* ViewModel */,
				664FC4F4295C9B3C00AF321A /* Constants */,
			);
			path = NotesViewController;
			sourceTree = "<group>";
		};
		664FC4F4295C9B3C00AF321A /* Constants */ = {
			isa = PBXGroup;
			children = (
			);
			path = Constants;
			sourceTree = "<group>";
		};
		664FC4F5295C9B4100AF321A /* ViewModel */ = {
			isa = PBXGroup;
			children = (
				664FC4F9295C9BE200AF321A /* NotesViewModelImpl.swift */,
			);
			path = ViewModel;
			sourceTree = "<group>";
		};
		664FC4F6295C9B4500AF321A /* View */ = {
			isa = PBXGroup;
			children = (
				664727BF295C97B800ECCF95 /* NotesViewController.swift */,
			);
			path = View;
			sourceTree = "<group>";
		};
		C5965D53EE93525EE54E53DC /* Frameworks */ = {
			isa = PBXGroup;
			children = (
				B5A70ED0BA3469170AFAE79D /* Pods_Notes.framework */,
			);
			name = Frameworks;
			sourceTree = "<group>";
		};
/* End PBXGroup section */

/* Begin PBXNativeTarget section */
		664727B7295C97B800ECCF95 /* Notes */ = {
			isa = PBXNativeTarget;
			buildConfigurationList = 664727CC295C97B900ECCF95 /* Build configuration list for PBXNativeTarget "Notes" */;
			buildPhases = (
				23FFFCB83485B046180DF78E /* [CP] Check Pods Manifest.lock */,
				664727B4295C97B800ECCF95 /* Sources */,
				664727B5295C97B800ECCF95 /* Frameworks */,
				664727B6295C97B800ECCF95 /* Resources */,
				8A838323653E3D9C717A0B48 /* [CP] Embed Pods Frameworks */,
			);
			buildRules = (
			);
			dependencies = (
			);
			name = Notes;
			productName = Notes;
			productReference = 664727B8295C97B800ECCF95 /* Notes.app */;
			productType = "com.apple.product-type.application";
		};
/* End PBXNativeTarget section */

/* Begin PBXProject section */
		664727B0295C97B800ECCF95 /* Project object */ = {
			isa = PBXProject;
			attributes = {
				BuildIndependentTargetsInParallel = 1;
				LastSwiftUpdateCheck = 1400;
				LastUpgradeCheck = 1400;
				TargetAttributes = {
					664727B7295C97B800ECCF95 = {
						CreatedOnToolsVersion = 14.0.1;
					};
				};
			};
			buildConfigurationList = 664727B3295C97B800ECCF95 /* Build configuration list for PBXProject "Notes" */;
			compatibilityVersion = "Xcode 13.0";
			developmentRegion = en;
			hasScannedForEncodings = 0;
			knownRegions = (
				en,
				Base,
			);
			mainGroup = 664727AF295C97B800ECCF95;
			productRefGroup = 664727B9295C97B800ECCF95 /* Products */;
			projectDirPath = "";
			projectRoot = "";
			targets = (
				664727B7295C97B800ECCF95 /* Notes */,
			);
		};
/* End PBXProject section */

/* Begin PBXResourcesBuildPhase section */
		664727B6295C97B800ECCF95 /* Resources */ = {
			isa = PBXResourcesBuildPhase;
			buildActionMask = 2147483647;
			files = (
				664727C8295C97B900ECCF95 /* LaunchScreen.storyboard in Resources */,
				664727C5295C97B900ECCF95 /* Assets.xcassets in Resources */,
			);
			runOnlyForDeploymentPostprocessing = 0;
		};
/* End PBXResourcesBuildPhase section */

/* Begin PBXShellScriptBuildPhase section */
		23FFFCB83485B046180DF78E /* [CP] Check Pods Manifest.lock */ = {
			isa = PBXShellScriptBuildPhase;
			buildActionMask = 2147483647;
			files = (
			);
			inputFileListPaths = (
			);
			inputPaths = (
				"${PODS_PODFILE_DIR_PATH}/Podfile.lock",
				"${PODS_ROOT}/Manifest.lock",
			);
			name = "[CP] Check Pods Manifest.lock";
			outputFileListPaths = (
			);
			outputPaths = (
				"$(DERIVED_FILE_DIR)/Pods-Notes-checkManifestLockResult.txt",
			);
			runOnlyForDeploymentPostprocessing = 0;
			shellPath = /bin/sh;
			shellScript = "diff \"${PODS_PODFILE_DIR_PATH}/Podfile.lock\" \"${PODS_ROOT}/Manifest.lock\" > /dev/null\nif [ $? != 0 ] ; then\n    # print error to STDERR\n    echo \"error: The sandbox is not in sync with the Podfile.lock. Run 'pod install' or update your CocoaPods installation.\" >&2\n    exit 1\nfi\n# This output is used by Xcode 'outputs' to avoid re-running this script phase.\necho \"SUCCESS\" > \"${SCRIPT_OUTPUT_FILE_0}\"\n";
			showEnvVarsInLog = 0;
		};
		8A838323653E3D9C717A0B48 /* [CP] Embed Pods Frameworks */ = {
			isa = PBXShellScriptBuildPhase;
			buildActionMask = 2147483647;
			files = (
			);
			inputFileListPaths = (
				"${PODS_ROOT}/Target Support Files/Pods-Notes/Pods-Notes-frameworks-${CONFIGURATION}-input-files.xcfilelist",
			);
			name = "[CP] Embed Pods Frameworks";
			outputFileListPaths = (
				"${PODS_ROOT}/Target Support Files/Pods-Notes/Pods-Notes-frameworks-${CONFIGURATION}-output-files.xcfilelist",
			);
			runOnlyForDeploymentPostprocessing = 0;
			shellPath = /bin/sh;
			shellScript = "\"${PODS_ROOT}/Target Support Files/Pods-Notes/Pods-Notes-frameworks.sh\"\n";
			showEnvVarsInLog = 0;
		};
/* End PBXShellScriptBuildPhase section */

/* Begin PBXSourcesBuildPhase section */
		664727B4295C97B800ECCF95 /* Sources */ = {
			isa = PBXSourcesBuildPhase;
			buildActionMask = 2147483647;
			files = (
				664727C0295C97B800ECCF95 /* NotesViewController.swift in Sources */,
				664727BC295C97B800ECCF95 /* AppDelegate.swift in Sources */,
				664FC4F2295C9B1900AF321A /* Bindable.swift in Sources */,
				664FC4FA295C9BE200AF321A /* NotesViewModelImpl.swift in Sources */,
				664FC4F8295C9B7200AF321A /* ModuleBuilder.swift in Sources */,
			);
			runOnlyForDeploymentPostprocessing = 0;
		};
/* End PBXSourcesBuildPhase section */

/* Begin PBXVariantGroup section */
		664727C6295C97B900ECCF95 /* LaunchScreen.storyboard */ = {
			isa = PBXVariantGroup;
			children = (
				664727C7295C97B900ECCF95 /* Base */,
			);
			name = LaunchScreen.storyboard;
			sourceTree = "<group>";
		};
/* End PBXVariantGroup section */

/* Begin XCBuildConfiguration section */
		664727CA295C97B900ECCF95 /* Debug */ = {
			isa = XCBuildConfiguration;
			buildSettings = {
				ALWAYS_SEARCH_USER_PATHS = NO;
				CLANG_ANALYZER_NONNULL = YES;
				CLANG_ANALYZER_NUMBER_OBJECT_CONVERSION = YES_AGGRESSIVE;
				CLANG_CXX_LANGUAGE_STANDARD = "gnu++20";
				CLANG_ENABLE_MODULES = YES;
				CLANG_ENABLE_OBJC_ARC = YES;
				CLANG_ENABLE_OBJC_WEAK = YES;
				CLANG_WARN_BLOCK_CAPTURE_AUTORELEASING = YES;
				CLANG_WARN_BOOL_CONVERSION = YES;
				CLANG_WARN_COMMA = YES;
				CLANG_WARN_CONSTANT_CONVERSION = YES;
				CLANG_WARN_DEPRECATED_OBJC_IMPLEMENTATIONS = YES;
				CLANG_WARN_DIRECT_OBJC_ISA_USAGE = YES_ERROR;
				CLANG_WARN_DOCUMENTATION_COMMENTS = YES;
				CLANG_WARN_EMPTY_BODY = YES;
				CLANG_WARN_ENUM_CONVERSION = YES;
				CLANG_WARN_INFINITE_RECURSION = YES;
				CLANG_WARN_INT_CONVERSION = YES;
				CLANG_WARN_NON_LITERAL_NULL_CONVERSION = YES;
				CLANG_WARN_OBJC_IMPLICIT_RETAIN_SELF = YES;
				CLANG_WARN_OBJC_LITERAL_CONVERSION = YES;
				CLANG_WARN_OBJC_ROOT_CLASS = YES_ERROR;
				CLANG_WARN_QUOTED_INCLUDE_IN_FRAMEWORK_HEADER = YES;
				CLANG_WARN_RANGE_LOOP_ANALYSIS = YES;
				CLANG_WARN_STRICT_PROTOTYPES = YES;
				CLANG_WARN_SUSPICIOUS_MOVE = YES;
				CLANG_WARN_UNGUARDED_AVAILABILITY = YES_AGGRESSIVE;
				CLANG_WARN_UNREACHABLE_CODE = YES;
				CLANG_WARN__DUPLICATE_METHOD_MATCH = YES;
				COPY_PHASE_STRIP = NO;
				DEBUG_INFORMATION_FORMAT = dwarf;
				ENABLE_STRICT_OBJC_MSGSEND = YES;
				ENABLE_TESTABILITY = YES;
				GCC_C_LANGUAGE_STANDARD = gnu11;
				GCC_DYNAMIC_NO_PIC = NO;
				GCC_NO_COMMON_BLOCKS = YES;
				GCC_OPTIMIZATION_LEVEL = 0;
				GCC_PREPROCESSOR_DEFINITIONS = (
					"DEBUG=1",
					"$(inherited)",
				);
				GCC_WARN_64_TO_32_BIT_CONVERSION = YES;
				GCC_WARN_ABOUT_RETURN_TYPE = YES_ERROR;
				GCC_WARN_UNDECLARED_SELECTOR = YES;
				GCC_WARN_UNINITIALIZED_AUTOS = YES_AGGRESSIVE;
				GCC_WARN_UNUSED_FUNCTION = YES;
				GCC_WARN_UNUSED_VARIABLE = YES;
				IPHONEOS_DEPLOYMENT_TARGET = 16.0;
				MTL_ENABLE_DEBUG_INFO = INCLUDE_SOURCE;
				MTL_FAST_MATH = YES;
				ONLY_ACTIVE_ARCH = YES;
				SDKROOT = iphoneos;
				SWIFT_ACTIVE_COMPILATION_CONDITIONS = DEBUG;
				SWIFT_OPTIMIZATION_LEVEL = "-Onone";
			};
			name = Debug;
		};
		664727CB295C97B900ECCF95 /* Release */ = {
			isa = XCBuildConfiguration;
			buildSettings = {
				ALWAYS_SEARCH_USER_PATHS = NO;
				CLANG_ANALYZER_NONNULL = YES;
				CLANG_ANALYZER_NUMBER_OBJECT_CONVERSION = YES_AGGRESSIVE;
				CLANG_CXX_LANGUAGE_STANDARD = "gnu++20";
				CLANG_ENABLE_MODULES = YES;
				CLANG_ENABLE_OBJC_ARC = YES;
				CLANG_ENABLE_OBJC_WEAK = YES;
				CLANG_WARN_BLOCK_CAPTURE_AUTORELEASING = YES;
				CLANG_WARN_BOOL_CONVERSION = YES;
				CLANG_WARN_COMMA = YES;
				CLANG_WARN_CONSTANT_CONVERSION = YES;
				CLANG_WARN_DEPRECATED_OBJC_IMPLEMENTATIONS = YES;
				CLANG_WARN_DIRECT_OBJC_ISA_USAGE = YES_ERROR;
				CLANG_WARN_DOCUMENTATION_COMMENTS = YES;
				CLANG_WARN_EMPTY_BODY = YES;
				CLANG_WARN_ENUM_CONVERSION = YES;
				CLANG_WARN_INFINITE_RECURSION = YES;
				CLANG_WARN_INT_CONVERSION = YES;
				CLANG_WARN_NON_LITERAL_NULL_CONVERSION = YES;
				CLANG_WARN_OBJC_IMPLICIT_RETAIN_SELF = YES;
				CLANG_WARN_OBJC_LITERAL_CONVERSION = YES;
				CLANG_WARN_OBJC_ROOT_CLASS = YES_ERROR;
				CLANG_WARN_QUOTED_INCLUDE_IN_FRAMEWORK_HEADER = YES;
				CLANG_WARN_RANGE_LOOP_ANALYSIS = YES;
				CLANG_WARN_STRICT_PROTOTYPES = YES;
				CLANG_WARN_SUSPICIOUS_MOVE = YES;
				CLANG_WARN_UNGUARDED_AVAILABILITY = YES_AGGRESSIVE;
				CLANG_WARN_UNREACHABLE_CODE = YES;
				CLANG_WARN__DUPLICATE_METHOD_MATCH = YES;
				COPY_PHASE_STRIP = NO;
				DEBUG_INFORMATION_FORMAT = "dwarf-with-dsym";
				ENABLE_NS_ASSERTIONS = NO;
				ENABLE_STRICT_OBJC_MSGSEND = YES;
				GCC_C_LANGUAGE_STANDARD = gnu11;
				GCC_NO_COMMON_BLOCKS = YES;
				GCC_WARN_64_TO_32_BIT_CONVERSION = YES;
				GCC_WARN_ABOUT_RETURN_TYPE = YES_ERROR;
				GCC_WARN_UNDECLARED_SELECTOR = YES;
				GCC_WARN_UNINITIALIZED_AUTOS = YES_AGGRESSIVE;
				GCC_WARN_UNUSED_FUNCTION = YES;
				GCC_WARN_UNUSED_VARIABLE = YES;
				IPHONEOS_DEPLOYMENT_TARGET = 16.0;
				MTL_ENABLE_DEBUG_INFO = NO;
				MTL_FAST_MATH = YES;
				SDKROOT = iphoneos;
				SWIFT_COMPILATION_MODE = wholemodule;
				SWIFT_OPTIMIZATION_LEVEL = "-O";
				VALIDATE_PRODUCT = YES;
			};
			name = Release;
		};
		664727CD295C97B900ECCF95 /* Debug */ = {
			isa = XCBuildConfiguration;
			baseConfigurationReference = BAD6F44AD46C47B0B385620E /* Pods-Notes.debug.xcconfig */;
			buildSettings = {
				ASSETCATALOG_COMPILER_APPICON_NAME = AppIcon;
				ASSETCATALOG_COMPILER_GLOBAL_ACCENT_COLOR_NAME = AccentColor;
				CODE_SIGN_STYLE = Automatic;
				CURRENT_PROJECT_VERSION = 1;
				DEVELOPMENT_TEAM = Y4J7Y9NJJ8;
				GENERATE_INFOPLIST_FILE = YES;
				INFOPLIST_FILE = Notes/Info.plist;
				INFOPLIST_KEY_UIApplicationSupportsIndirectInputEvents = YES;
				INFOPLIST_KEY_UILaunchStoryboardName = LaunchScreen;
				INFOPLIST_KEY_UISupportedInterfaceOrientations_iPad = "UIInterfaceOrientationPortrait UIInterfaceOrientationPortraitUpsideDown UIInterfaceOrientationLandscapeLeft UIInterfaceOrientationLandscapeRight";
				INFOPLIST_KEY_UISupportedInterfaceOrientations_iPhone = "UIInterfaceOrientationPortrait UIInterfaceOrientationLandscapeLeft UIInterfaceOrientationLandscapeRight";
				LD_RUNPATH_SEARCH_PATHS = (
					"$(inherited)",
					"@executable_path/Frameworks",
				);
				MARKETING_VERSION = 1.0;
				PRODUCT_BUNDLE_IDENTIFIER = danilSabitov.Notes;
				PRODUCT_NAME = "$(TARGET_NAME)";
				SWIFT_EMIT_LOC_STRINGS = YES;
				SWIFT_VERSION = 5.0;
				TARGETED_DEVICE_FAMILY = "1,2";
			};
			name = Debug;
		};
		664727CE295C97B900ECCF95 /* Release */ = {
			isa = XCBuildConfiguration;
			baseConfigurationReference = FF379C02E33578072DE344D1 /* Pods-Notes.release.xcconfig */;
			buildSettings = {
				ASSETCATALOG_COMPILER_APPICON_NAME = AppIcon;
				ASSETCATALOG_COMPILER_GLOBAL_ACCENT_COLOR_NAME = AccentColor;
				CODE_SIGN_STYLE = Automatic;
				CURRENT_PROJECT_VERSION = 1;
				DEVELOPMENT_TEAM = Y4J7Y9NJJ8;
				GENERATE_INFOPLIST_FILE = YES;
				INFOPLIST_FILE = Notes/Info.plist;
				INFOPLIST_KEY_UIApplicationSupportsIndirectInputEvents = YES;
				INFOPLIST_KEY_UILaunchStoryboardName = LaunchScreen;
				INFOPLIST_KEY_UISupportedInterfaceOrientations_iPad = "UIInterfaceOrientationPortrait UIInterfaceOrientationPortraitUpsideDown UIInterfaceOrientationLandscapeLeft UIInterfaceOrientationLandscapeRight";
				INFOPLIST_KEY_UISupportedInterfaceOrientations_iPhone = "UIInterfaceOrientationPortrait UIInterfaceOrientationLandscapeLeft UIInterfaceOrientationLandscapeRight";
				LD_RUNPATH_SEARCH_PATHS = (
					"$(inherited)",
					"@executable_path/Frameworks",
				);
				MARKETING_VERSION = 1.0;
				PRODUCT_BUNDLE_IDENTIFIER = danilSabitov.Notes;
				PRODUCT_NAME = "$(TARGET_NAME)";
				SWIFT_EMIT_LOC_STRINGS = YES;
				SWIFT_VERSION = 5.0;
				TARGETED_DEVICE_FAMILY = "1,2";
			};
			name = Release;
		};
/* End XCBuildConfiguration section */

/* Begin XCConfigurationList section */
		664727B3295C97B800ECCF95 /* Build configuration list for PBXProject "Notes" */ = {
			isa = XCConfigurationList;
			buildConfigurations = (
				664727CA295C97B900ECCF95 /* Debug */,
				664727CB295C97B900ECCF95 /* Release */,
			);
			defaultConfigurationIsVisible = 0;
			defaultConfigurationName = Release;
		};
		664727CC295C97B900ECCF95 /* Build configuration list for PBXNativeTarget "Notes" */ = {
			isa = XCConfigurationList;
			buildConfigurations = (
				664727CD295C97B900ECCF95 /* Debug */,
				664727CE295C97B900ECCF95 /* Release */,
			);
			defaultConfigurationIsVisible = 0;
			defaultConfigurationName = Release;
		};
/* End XCConfigurationList section */
	};
	rootObject = 664727B0295C97B800ECCF95 /* Project object */;
}
